
Microsoft Visual Studio Solution File, Format Version 12.00
# Visual Studio 15
VisualStudioVersion = 15.0.27004.2009
MinimumVisualStudioVersion = 10.0.40219.1
Project("{FAE04EC0-301F-11D3-BF4B-00C04F79EFBC}") = "Exercise67.1", "Exercise67.1\Exercise67.1.csproj", "{09F9CB5A-E385-4C52-887D-D0FAD825CEEA}"
EndProject
Global
	GlobalSection(SolutionConfigurationPlatforms) = preSolution
		Debug|Any CPU = Debug|Any CPU
		Release|Any CPU = Release|Any CPU
	EndGlobalSection
	GlobalSection(ProjectConfigurationPlatforms) = postSolution
		{09F9CB5A-E385-4C52-887D-D0FAD825CEEA}.Debug|Any CPU.ActiveCfg = Debug|Any CPU
		{09F9CB5A-E385-4C52-887D-D0FAD825CEEA}.Debug|Any CPU.Build.0 = Debug|Any CPU
		{09F9CB5A-E385-4C52-887D-D0FAD825CEEA}.Release|Any CPU.ActiveCfg = Release|Any CPU
		{09F9CB5A-E385-4C52-887D-D0FAD825CEEA}.Release|Any CPU.Build.0 = Release|Any CPU
	EndGlobalSection
	GlobalSection(SolutionProperties) = preSolution
		HideSolutionNode = FALSE
	EndGlobalSection
	GlobalSection(ExtensibilityGlobals) = postSolution
		SolutionGuid = {57947A5F-DDC5-4BA4-B0A5-3E39953441B3}
	EndGlobalSection
EndGlobal
