
Microsoft Visual Studio Solution File, Format Version 12.00
# Visual Studio 15
VisualStudioVersion = 15.0.27004.2009
MinimumVisualStudioVersion = 10.0.40219.1
Project("{FAE04EC0-301F-11D3-BF4B-00C04F79EFBC}") = "Exercise67.2", "Exercise67.2\Exercise67.2.csproj", "{AA905454-9474-4BC2-B1D8-A31EC96D70E7}"
EndProject
Global
	GlobalSection(SolutionConfigurationPlatforms) = preSolution
		Debug|Any CPU = Debug|Any CPU
		Release|Any CPU = Release|Any CPU
	EndGlobalSection
	GlobalSection(ProjectConfigurationPlatforms) = postSolution
		{AA905454-9474-4BC2-B1D8-A31EC96D70E7}.Debug|Any CPU.ActiveCfg = Debug|Any CPU
		{AA905454-9474-4BC2-B1D8-A31EC96D70E7}.Debug|Any CPU.Build.0 = Debug|Any CPU
		{AA905454-9474-4BC2-B1D8-A31EC96D70E7}.Release|Any CPU.ActiveCfg = Release|Any CPU
		{AA905454-9474-4BC2-B1D8-A31EC96D70E7}.Release|Any CPU.Build.0 = Release|Any CPU
	EndGlobalSection
	GlobalSection(SolutionProperties) = preSolution
		HideSolutionNode = FALSE
	EndGlobalSection
	GlobalSection(ExtensibilityGlobals) = postSolution
		SolutionGuid = {329271FD-3710-45C0-B4DA-369177497CCA}
	EndGlobalSection
EndGlobal
