
Microsoft Visual Studio Solution File, Format Version 12.00
# Visual Studio 15
VisualStudioVersion = 15.0.27004.2009
MinimumVisualStudioVersion = 10.0.40219.1
Project("{FAE04EC0-301F-11D3-BF4B-00C04F79EFBC}") = "StringAdvanced", "StringAdvanced\StringAdvanced.csproj", "{0EE4899E-30EC-4A32-B041-65A2B6D8463F}"
EndProject
Global
	GlobalSection(SolutionConfigurationPlatforms) = preSolution
		Debug|Any CPU = Debug|Any CPU
		Release|Any CPU = Release|Any CPU
	EndGlobalSection
	GlobalSection(ProjectConfigurationPlatforms) = postSolution
		{0EE4899E-30EC-4A32-B041-65A2B6D8463F}.Debug|Any CPU.ActiveCfg = Debug|Any CPU
		{0EE4899E-30EC-4A32-B041-65A2B6D8463F}.Debug|Any CPU.Build.0 = Debug|Any CPU
		{0EE4899E-30EC-4A32-B041-65A2B6D8463F}.Release|Any CPU.ActiveCfg = Release|Any CPU
		{0EE4899E-30EC-4A32-B041-65A2B6D8463F}.Release|Any CPU.Build.0 = Release|Any CPU
	EndGlobalSection
	GlobalSection(SolutionProperties) = preSolution
		HideSolutionNode = FALSE
	EndGlobalSection
	GlobalSection(ExtensibilityGlobals) = postSolution
		SolutionGuid = {FE5CDCB5-1FE5-49CE-91CB-9A68ED4B07E4}
	EndGlobalSection
EndGlobal
