
Microsoft Visual Studio Solution File, Format Version 12.00
# Visual Studio 15
VisualStudioVersion = 15.0.27004.2009
MinimumVisualStudioVersion = 10.0.40219.1
Project("{FAE04EC0-301F-11D3-BF4B-00C04F79EFBC}") = "StringBuilderDemo", "StringBuilderDemo\StringBuilderDemo.csproj", "{AB079E54-3B12-466C-B441-C3CA02DA339E}"
EndProject
Global
	GlobalSection(SolutionConfigurationPlatforms) = preSolution
		Debug|Any CPU = Debug|Any CPU
		Release|Any CPU = Release|Any CPU
	EndGlobalSection
	GlobalSection(ProjectConfigurationPlatforms) = postSolution
		{AB079E54-3B12-466C-B441-C3CA02DA339E}.Debug|Any CPU.ActiveCfg = Debug|Any CPU
		{AB079E54-3B12-466C-B441-C3CA02DA339E}.Debug|Any CPU.Build.0 = Debug|Any CPU
		{AB079E54-3B12-466C-B441-C3CA02DA339E}.Release|Any CPU.ActiveCfg = Release|Any CPU
		{AB079E54-3B12-466C-B441-C3CA02DA339E}.Release|Any CPU.Build.0 = Release|Any CPU
	EndGlobalSection
	GlobalSection(SolutionProperties) = preSolution
		HideSolutionNode = FALSE
	EndGlobalSection
	GlobalSection(ExtensibilityGlobals) = postSolution
		SolutionGuid = {261BE81E-78C9-40F6-BE49-0C98D89B4456}
	EndGlobalSection
EndGlobal
