
Microsoft Visual Studio Solution File, Format Version 12.00
# Visual Studio 15
VisualStudioVersion = 15.0.27004.2009
MinimumVisualStudioVersion = 10.0.40219.1
Project("{FAE04EC0-301F-11D3-BF4B-00C04F79EFBC}") = "Exercises55.4", "Exercises55.4\Exercises55.4.csproj", "{8B24C775-1F10-4D94-8A10-AE1FF0707074}"
EndProject
Global
	GlobalSection(SolutionConfigurationPlatforms) = preSolution
		Debug|Any CPU = Debug|Any CPU
		Release|Any CPU = Release|Any CPU
	EndGlobalSection
	GlobalSection(ProjectConfigurationPlatforms) = postSolution
		{8B24C775-1F10-4D94-8A10-AE1FF0707074}.Debug|Any CPU.ActiveCfg = Debug|Any CPU
		{8B24C775-1F10-4D94-8A10-AE1FF0707074}.Debug|Any CPU.Build.0 = Debug|Any CPU
		{8B24C775-1F10-4D94-8A10-AE1FF0707074}.Release|Any CPU.ActiveCfg = Release|Any CPU
		{8B24C775-1F10-4D94-8A10-AE1FF0707074}.Release|Any CPU.Build.0 = Release|Any CPU
	EndGlobalSection
	GlobalSection(SolutionProperties) = preSolution
		HideSolutionNode = FALSE
	EndGlobalSection
	GlobalSection(ExtensibilityGlobals) = postSolution
		SolutionGuid = {4995EF43-D779-4339-B682-704BD9E3059A}
	EndGlobalSection
EndGlobal
