
Microsoft Visual Studio Solution File, Format Version 12.00
# Visual Studio 15
VisualStudioVersion = 15.0.27004.2009
MinimumVisualStudioVersion = 10.0.40219.1
Project("{FAE04EC0-301F-11D3-BF4B-00C04F79EFBC}") = "Exercise48.2", "Exercise48.2\Exercise48.2.csproj", "{0856AAAF-ADA3-49C3-9AFD-229B6A557D87}"
EndProject
Global
	GlobalSection(SolutionConfigurationPlatforms) = preSolution
		Debug|Any CPU = Debug|Any CPU
		Release|Any CPU = Release|Any CPU
	EndGlobalSection
	GlobalSection(ProjectConfigurationPlatforms) = postSolution
		{0856AAAF-ADA3-49C3-9AFD-229B6A557D87}.Debug|Any CPU.ActiveCfg = Debug|Any CPU
		{0856AAAF-ADA3-49C3-9AFD-229B6A557D87}.Debug|Any CPU.Build.0 = Debug|Any CPU
		{0856AAAF-ADA3-49C3-9AFD-229B6A557D87}.Release|Any CPU.ActiveCfg = Release|Any CPU
		{0856AAAF-ADA3-49C3-9AFD-229B6A557D87}.Release|Any CPU.Build.0 = Release|Any CPU
	EndGlobalSection
	GlobalSection(SolutionProperties) = preSolution
		HideSolutionNode = FALSE
	EndGlobalSection
	GlobalSection(ExtensibilityGlobals) = postSolution
		SolutionGuid = {E06E5DB6-ED6C-42B0-93D4-B24EA1028EDC}
	EndGlobalSection
EndGlobal
