
Microsoft Visual Studio Solution File, Format Version 12.00
# Visual Studio 15
VisualStudioVersion = 15.0.27004.2009
MinimumVisualStudioVersion = 10.0.40219.1
Project("{FAE04EC0-301F-11D3-BF4B-00C04F79EFBC}") = "Arrays", "Arrays\Arrays.csproj", "{67B211D0-84B1-4209-B8C4-5C28A5486E53}"
EndProject
Global
	GlobalSection(SolutionConfigurationPlatforms) = preSolution
		Debug|Any CPU = Debug|Any CPU
		Release|Any CPU = Release|Any CPU
	EndGlobalSection
	GlobalSection(ProjectConfigurationPlatforms) = postSolution
		{67B211D0-84B1-4209-B8C4-5C28A5486E53}.Debug|Any CPU.ActiveCfg = Debug|Any CPU
		{67B211D0-84B1-4209-B8C4-5C28A5486E53}.Debug|Any CPU.Build.0 = Debug|Any CPU
		{67B211D0-84B1-4209-B8C4-5C28A5486E53}.Release|Any CPU.ActiveCfg = Release|Any CPU
		{67B211D0-84B1-4209-B8C4-5C28A5486E53}.Release|Any CPU.Build.0 = Release|Any CPU
	EndGlobalSection
	GlobalSection(SolutionProperties) = preSolution
		HideSolutionNode = FALSE
	EndGlobalSection
	GlobalSection(ExtensibilityGlobals) = postSolution
		SolutionGuid = {4CB4B8E9-FEB2-4DE2-BE4C-60A029743450}
	EndGlobalSection
EndGlobal
