
Microsoft Visual Studio Solution File, Format Version 12.00
# Visual Studio 15
VisualStudioVersion = 15.0.27004.2009
MinimumVisualStudioVersion = 10.0.40219.1
Project("{FAE04EC0-301F-11D3-BF4B-00C04F79EFBC}") = "Exercises42.2", "Exercises42.2\Exercises42.2.csproj", "{AFB0192A-E205-49F5-9739-80D4FD26231E}"
EndProject
Global
	GlobalSection(SolutionConfigurationPlatforms) = preSolution
		Debug|Any CPU = Debug|Any CPU
		Release|Any CPU = Release|Any CPU
	EndGlobalSection
	GlobalSection(ProjectConfigurationPlatforms) = postSolution
		{AFB0192A-E205-49F5-9739-80D4FD26231E}.Debug|Any CPU.ActiveCfg = Debug|Any CPU
		{AFB0192A-E205-49F5-9739-80D4FD26231E}.Debug|Any CPU.Build.0 = Debug|Any CPU
		{AFB0192A-E205-49F5-9739-80D4FD26231E}.Release|Any CPU.ActiveCfg = Release|Any CPU
		{AFB0192A-E205-49F5-9739-80D4FD26231E}.Release|Any CPU.Build.0 = Release|Any CPU
	EndGlobalSection
	GlobalSection(SolutionProperties) = preSolution
		HideSolutionNode = FALSE
	EndGlobalSection
	GlobalSection(ExtensibilityGlobals) = postSolution
		SolutionGuid = {F953D828-DAF2-44FA-8483-A04F76265A5E}
	EndGlobalSection
EndGlobal
